{
  "name": "smolup",
  "version": "0.4.1",
  "lockfileVersion": 3,
  "requires": true,
  "packages": {
    "": {
      "name": "smolup",
      "version": "0.4.1",
      "license": "MIT",
      "os": [
        "win32",
        "linux",
        "darwin"
      ],
      "dependencies": {
        "veodl": "1.12.1"
      },
      "bin": {
        "smolup": "bin/smolup.js",
        "smop": "bin/smolup.js",
        "smup": "bin/smolup.js",
        "smush": "bin/smolup.js"
      },
      "engines": {
        "node": ">=22"
      }
    },
    "node_modules/veodl": {
      "version": "1.12.1",
      "resolved": "https://registry.npmjs.org/veodl/-/veodl-1.12.1.tgz",
      "integrity": "sha512-Q6DWknKBQReLUgt94O0DVoFlrCy+FkQghEiLAZgH84aLOOU5rfNTQLmvJkMalyEZniaRIyHJJQ+YtX8XRZw49Q==",
      "license": "MIT",
      "bin": {
        "veo": "bin/veo.js",
        "veodl": "bin/veo.js"
      },
      "engines": {
        "node": ">=22"
      }
    }
  }
}
